
Microsoft Visual Studio Solution File, Format Version 12.00
# Visual Studio Version 17
VisualStudioVersion = 17.14.36221.1 d17.14
MinimumVisualStudioVersion = 10.0.40219.1
Project("{FAE04EC0-301F-11D3-BF4B-00C04F79EFBC}") = "Calculator", "Calculator\Calculator.csproj", "{490CFDA2-3D63-49CA-ABAB-8BFAE93A5D74}"
EndProject
Global
	GlobalSection(SolutionConfigurationPlatforms) = preSolution
		Debug|Any CPU = Debug|Any CPU
		Release|Any CPU = Release|Any CPU
	EndGlobalSection
	GlobalSection(ProjectConfigurationPlatforms) = postSolution
		{490CFDA2-3D63-49CA-ABAB-8BFAE93A5D74}.Debug|Any CPU.ActiveCfg = Debug|Any CPU
		{490CFDA2-3D63-49CA-ABAB-8BFAE93A5D74}.Debug|Any CPU.Build.0 = Debug|Any CPU
		{490CFDA2-3D63-49CA-ABAB-8BFAE93A5D74}.Release|Any CPU.ActiveCfg = Release|Any CPU
		{490CFDA2-3D63-49CA-ABAB-8BFAE93A5D74}.Release|Any CPU.Build.0 = Release|Any CPU
	EndGlobalSection
	GlobalSection(SolutionProperties) = preSolution
		HideSolutionNode = FALSE
	EndGlobalSection
	GlobalSection(ExtensibilityGlobals) = postSolution
		SolutionGuid = {DBF82030-CFC7-43E3-B9D5-109CB7551809}
	EndGlobalSection
EndGlobal
